
Microsoft Visual Studio Solution File, Format Version 12.00
# Visual Studio 15
Project("{FAE04EC0-301F-11D3-BF4B-00C04F79EFBC}") = "UnityEngine.UI", "UnityEngine.UI.csproj", "{5BA070EF-1C2D-1F18-BBCD-6E7D6C3E7608}"
EndProject
Project("{FAE04EC0-301F-11D3-BF4B-00C04F79EFBC}") = "UnityEngine.TestRunner", "UnityEngine.TestRunner.csproj", "{B9B21EFF-D5CD-0EC8-3430-E77238A7506C}"
EndProject
Project("{FAE04EC0-301F-11D3-BF4B-00C04F79EFBC}") = "Unity.Mathematics", "Unity.Mathematics.csproj", "{15D09B47-E808-653B-E84C-CD381C29F4D3}"
EndProject
Project("{FAE04EC0-301F-11D3-BF4B-00C04F79EFBC}") = "Unity.Timeline", "Unity.Timeline.csproj", "{3ABFCB0F-4210-BE4A-D31E-C3A8144AF999}"
EndProject
Project("{FAE04EC0-301F-11D3-BF4B-00C04F79EFBC}") = "Unity.TextMeshPro", "Unity.TextMeshPro.csproj", "{5E8D7442-13AB-5D28-5E58-65486C8D9FD9}"
EndProject
Project("{FAE04EC0-301F-11D3-BF4B-00C04F79EFBC}") = "Unity.Burst", "Unity.Burst.csproj", "{96FE1B23-E732-632D-018C-0381DAD85C9E}"
EndProject
Project("{FAE04EC0-301F-11D3-BF4B-00C04F79EFBC}") = "Unity.2D.Animation.Runtime", "Unity.2D.Animation.Runtime.csproj", "{29234F44-C029-7A42-452C-2D2C1577C43A}"
EndProject
Project("{FAE04EC0-301F-11D3-BF4B-00C04F79EFBC}") = "Assembly-CSharp", "Assembly-CSharp.csproj", "{B86EB86E-FBCB-1736-E674-4600522168D0}"
EndProject
Project("{FAE04EC0-301F-11D3-BF4B-00C04F79EFBC}") = "Unity.2D.IK.Runtime", "Unity.2D.IK.Runtime.csproj", "{972914CD-E821-BF28-47B9-61E81F00078D}"
EndProject
Project("{FAE04EC0-301F-11D3-BF4B-00C04F79EFBC}") = "Unity.2D.SpriteShape.Runtime", "Unity.2D.SpriteShape.Runtime.csproj", "{5BB9DBFD-D8D2-F03A-9527-28DF06E38909}"
EndProject
Project("{FAE04EC0-301F-11D3-BF4B-00C04F79EFBC}") = "Unity.2D.Common.Runtime", "Unity.2D.Common.Runtime.csproj", "{582D9755-5A74-8164-95EA-82EAEFF2B406}"
EndProject
Project("{FAE04EC0-301F-11D3-BF4B-00C04F79EFBC}") = "Unity.2D.PixelPerfect", "Unity.2D.PixelPerfect.csproj", "{4E030114-AB48-986B-6CDE-D43D60FF17C2}"
EndProject
Project("{FAE04EC0-301F-11D3-BF4B-00C04F79EFBC}") = "Unity.InternalAPIEngineBridge.001", "Unity.InternalAPIEngineBridge.001.csproj", "{B90DA1A9-5F82-E977-2EF6-E916A44E4A3A}"
EndProject
Project("{FAE04EC0-301F-11D3-BF4B-00C04F79EFBC}") = "UnityEditor.TestRunner", "UnityEditor.TestRunner.csproj", "{4DCC3C04-AAAF-2BB4-1B20-1F753AD82462}"
EndProject
Project("{FAE04EC0-301F-11D3-BF4B-00C04F79EFBC}") = "Unity.2D.Psdimporter.Editor", "Unity.2D.Psdimporter.Editor.csproj", "{32836D6F-73A1-EB82-2C60-32752DDA973D}"
EndProject
Project("{FAE04EC0-301F-11D3-BF4B-00C04F79EFBC}") = "Unity.PlasticSCM.Editor", "Unity.PlasticSCM.Editor.csproj", "{DF734337-FBC7-DB52-9C05-3E32F3BFEAE8}"
EndProject
Project("{FAE04EC0-301F-11D3-BF4B-00C04F79EFBC}") = "UnityEditor.UI", "UnityEditor.UI.csproj", "{D3DC34B5-BC23-C058-C65B-BF566B27072F}"
EndProject
Project("{FAE04EC0-301F-11D3-BF4B-00C04F79EFBC}") = "Unity.Timeline.Editor", "Unity.Timeline.Editor.csproj", "{2436B78D-C54D-E4F2-000D-2A4F254D616E}"
EndProject
Project("{FAE04EC0-301F-11D3-BF4B-00C04F79EFBC}") = "Unity.VisualStudio.Editor", "Unity.VisualStudio.Editor.csproj", "{891ABB66-7B07-777C-BB62-527440CE2B3C}"
EndProject
Project("{FAE04EC0-301F-11D3-BF4B-00C04F79EFBC}") = "Unity.2D.Animation.Editor", "Unity.2D.Animation.Editor.csproj", "{62CE6115-783A-4F5C-C231-5F29E241927F}"
EndProject
Project("{FAE04EC0-301F-11D3-BF4B-00C04F79EFBC}") = "Unity.TextMeshPro.Editor", "Unity.TextMeshPro.Editor.csproj", "{B081CE4E-EB9B-DF40-AAD9-00850577917C}"
EndProject
Project("{FAE04EC0-301F-11D3-BF4B-00C04F79EFBC}") = "Unity.2D.SpriteShape.Editor", "Unity.2D.SpriteShape.Editor.csproj", "{CAB22A2A-E0DF-1BFE-E6CD-8E42F083D4A8}"
EndProject
Project("{FAE04EC0-301F-11D3-BF4B-00C04F79EFBC}") = "Unity.2D.PixelPerfect.Editor", "Unity.2D.PixelPerfect.Editor.csproj", "{2B30AC2E-95B9-7733-5CD8-7610EA673F25}"
EndProject
Project("{FAE04EC0-301F-11D3-BF4B-00C04F79EFBC}") = "PsdPlugin", "PsdPlugin.csproj", "{554FC746-66ED-70DE-B8B6-CBB656CE5F7F}"
EndProject
Project("{FAE04EC0-301F-11D3-BF4B-00C04F79EFBC}") = "Unity.2D.Tilemap.Editor", "Unity.2D.Tilemap.Editor.csproj", "{C91275B6-375A-3F75-229C-DBEA6344942C}"
EndProject
Project("{FAE04EC0-301F-11D3-BF4B-00C04F79EFBC}") = "Unity.2D.Path.Editor", "Unity.2D.Path.Editor.csproj", "{8A29222F-387F-FDAF-3FEB-B32976674691}"
EndProject
Project("{FAE04EC0-301F-11D3-BF4B-00C04F79EFBC}") = "Unity.Rider.Editor", "Unity.Rider.Editor.csproj", "{BE2BF7F3-8C4C-4AEB-31BC-92DD5F5A7E58}"
EndProject
Project("{FAE04EC0-301F-11D3-BF4B-00C04F79EFBC}") = "Unity.2D.Sprite.Editor", "Unity.2D.Sprite.Editor.csproj", "{EC4BC21E-2C12-A873-AFAD-84421A8C3CCC}"
EndProject
Project("{FAE04EC0-301F-11D3-BF4B-00C04F79EFBC}") = "Unity.2D.IK.Editor", "Unity.2D.IK.Editor.csproj", "{B0CD704C-8C78-8968-3A1C-96AEE6CC4414}"
EndProject
Project("{FAE04EC0-301F-11D3-BF4B-00C04F79EFBC}") = "Unity.Burst.Editor", "Unity.Burst.Editor.csproj", "{6DC6E12E-3DA0-2DCD-BD7A-36832B3BE7EF}"
EndProject
Project("{FAE04EC0-301F-11D3-BF4B-00C04F79EFBC}") = "Assembly-CSharp-Editor", "Assembly-CSharp-Editor.csproj", "{792E3686-533D-9EDD-033B-35E23417FF67}"
EndProject
Project("{FAE04EC0-301F-11D3-BF4B-00C04F79EFBC}") = "Unity.SysrootPackage.Editor", "Unity.SysrootPackage.Editor.csproj", "{9F654594-29BC-E5FA-42DD-0DACDB55AE6A}"
EndProject
Project("{FAE04EC0-301F-11D3-BF4B-00C04F79EFBC}") = "Unity.Burst.CodeGen", "Unity.Burst.CodeGen.csproj", "{19795815-BEF3-74E3-9429-F483CA1DF8C6}"
EndProject
Project("{FAE04EC0-301F-11D3-BF4B-00C04F79EFBC}") = "Unity.VSCode.Editor", "Unity.VSCode.Editor.csproj", "{9B7CF001-4E00-B56A-289F-5C3E7E290389}"
EndProject
Project("{FAE04EC0-301F-11D3-BF4B-00C04F79EFBC}") = "Unity.Toolchain.Win-x86_64-Linux-x86_64", "Unity.Toolchain.Win-x86_64-Linux-x86_64.csproj", "{31763CD5-D2CD-E504-E603-62030BCC4FA6}"
EndProject
Project("{FAE04EC0-301F-11D3-BF4B-00C04F79EFBC}") = "Unity.2D.Common.Editor", "Unity.2D.Common.Editor.csproj", "{ABC6E603-EDEE-D8EB-4C10-9B2D8D40CC0F}"
EndProject
Project("{FAE04EC0-301F-11D3-BF4B-00C04F79EFBC}") = "Unity.Mathematics.Editor", "Unity.Mathematics.Editor.csproj", "{8D7D1206-F358-0601-B083-F6BC0E4390ED}"
EndProject
Project("{FAE04EC0-301F-11D3-BF4B-00C04F79EFBC}") = "Unity.CollabProxy.Editor", "Unity.CollabProxy.Editor.csproj", "{1A8022A3-7E60-653B-36E3-27EA70A00710}"
EndProject
Project("{FAE04EC0-301F-11D3-BF4B-00C04F79EFBC}") = "Unity.InternalAPIEditorBridge.001", "Unity.InternalAPIEditorBridge.001.csproj", "{4A20E125-567D-C8FE-C7C8-EF48CFCCDF62}"
EndProject
Project("{FAE04EC0-301F-11D3-BF4B-00C04F79EFBC}") = "Unity.Sysroot.Linux_x86_64", "Unity.Sysroot.Linux_x86_64.csproj", "{58C185FD-3D4C-DFF4-16F8-E0149C791BB7}"
EndProject
Global
	GlobalSection(SolutionConfigurationPlatforms) = preSolution
		Debug|Any CPU = Debug|Any CPU
		Release|Any CPU = Release|Any CPU
	EndGlobalSection
	GlobalSection(ProjectConfigurationPlatforms) = postSolution
		{5BA070EF-1C2D-1F18-BBCD-6E7D6C3E7608}.Debug|Any CPU.ActiveCfg = Debug|Any CPU
		{5BA070EF-1C2D-1F18-BBCD-6E7D6C3E7608}.Debug|Any CPU.Build.0 = Debug|Any CPU
		{5BA070EF-1C2D-1F18-BBCD-6E7D6C3E7608}.Release|Any CPU.ActiveCfg = Release|Any CPU
		{5BA070EF-1C2D-1F18-BBCD-6E7D6C3E7608}.Release|Any CPU.Build.0 = Release|Any CPU
		{B9B21EFF-D5CD-0EC8-3430-E77238A7506C}.Debug|Any CPU.ActiveCfg = Debug|Any CPU
		{B9B21EFF-D5CD-0EC8-3430-E77238A7506C}.Debug|Any CPU.Build.0 = Debug|Any CPU
		{B9B21EFF-D5CD-0EC8-3430-E77238A7506C}.Release|Any CPU.ActiveCfg = Release|Any CPU
		{B9B21EFF-D5CD-0EC8-3430-E77238A7506C}.Release|Any CPU.Build.0 = Release|Any CPU
		{15D09B47-E808-653B-E84C-CD381C29F4D3}.Debug|Any CPU.ActiveCfg = Debug|Any CPU
		{15D09B47-E808-653B-E84C-CD381C29F4D3}.Debug|Any CPU.Build.0 = Debug|Any CPU
		{15D09B47-E808-653B-E84C-CD381C29F4D3}.Release|Any CPU.ActiveCfg = Release|Any CPU
		{15D09B47-E808-653B-E84C-CD381C29F4D3}.Release|Any CPU.Build.0 = Release|Any CPU
		{3ABFCB0F-4210-BE4A-D31E-C3A8144AF999}.Debug|Any CPU.ActiveCfg = Debug|Any CPU
		{3ABFCB0F-4210-BE4A-D31E-C3A8144AF999}.Debug|Any CPU.Build.0 = Debug|Any CPU
		{3ABFCB0F-4210-BE4A-D31E-C3A8144AF999}.Release|Any CPU.ActiveCfg = Release|Any CPU
		{3ABFCB0F-4210-BE4A-D31E-C3A8144AF999}.Release|Any CPU.Build.0 = Release|Any CPU
		{5E8D7442-13AB-5D28-5E58-65486C8D9FD9}.Debug|Any CPU.ActiveCfg = Debug|Any CPU
		{5E8D7442-13AB-5D28-5E58-65486C8D9FD9}.Debug|Any CPU.Build.0 = Debug|Any CPU
		{5E8D7442-13AB-5D28-5E58-65486C8D9FD9}.Release|Any CPU.ActiveCfg = Release|Any CPU
		{5E8D7442-13AB-5D28-5E58-65486C8D9FD9}.Release|Any CPU.Build.0 = Release|Any CPU
		{96FE1B23-E732-632D-018C-0381DAD85C9E}.Debug|Any CPU.ActiveCfg = Debug|Any CPU
		{96FE1B23-E732-632D-018C-0381DAD85C9E}.Debug|Any CPU.Build.0 = Debug|Any CPU
		{96FE1B23-E732-632D-018C-0381DAD85C9E}.Release|Any CPU.ActiveCfg = Release|Any CPU
		{96FE1B23-E732-632D-018C-0381DAD85C9E}.Release|Any CPU.Build.0 = Release|Any CPU
		{29234F44-C029-7A42-452C-2D2C1577C43A}.Debug|Any CPU.ActiveCfg = Debug|Any CPU
		{29234F44-C029-7A42-452C-2D2C1577C43A}.Debug|Any CPU.Build.0 = Debug|Any CPU
		{29234F44-C029-7A42-452C-2D2C1577C43A}.Release|Any CPU.ActiveCfg = Release|Any CPU
		{29234F44-C029-7A42-452C-2D2C1577C43A}.Release|Any CPU.Build.0 = Release|Any CPU
		{B86EB86E-FBCB-1736-E674-4600522168D0}.Debug|Any CPU.ActiveCfg = Debug|Any CPU
		{B86EB86E-FBCB-1736-E674-4600522168D0}.Debug|Any CPU.Build.0 = Debug|Any CPU
		{B86EB86E-FBCB-1736-E674-4600522168D0}.Release|Any CPU.ActiveCfg = Release|Any CPU
		{B86EB86E-FBCB-1736-E674-4600522168D0}.Release|Any CPU.Build.0 = Release|Any CPU
		{972914CD-E821-BF28-47B9-61E81F00078D}.Debug|Any CPU.ActiveCfg = Debug|Any CPU
		{972914CD-E821-BF28-47B9-61E81F00078D}.Debug|Any CPU.Build.0 = Debug|Any CPU
		{972914CD-E821-BF28-47B9-61E81F00078D}.Release|Any CPU.ActiveCfg = Release|Any CPU
		{972914CD-E821-BF28-47B9-61E81F00078D}.Release|Any CPU.Build.0 = Release|Any CPU
		{5BB9DBFD-D8D2-F03A-9527-28DF06E38909}.Debug|Any CPU.ActiveCfg = Debug|Any CPU
		{5BB9DBFD-D8D2-F03A-9527-28DF06E38909}.Debug|Any CPU.Build.0 = Debug|Any CPU
		{5BB9DBFD-D8D2-F03A-9527-28DF06E38909}.Release|Any CPU.ActiveCfg = Release|Any CPU
		{5BB9DBFD-D8D2-F03A-9527-28DF06E38909}.Release|Any CPU.Build.0 = Release|Any CPU
		{582D9755-5A74-8164-95EA-82EAEFF2B406}.Debug|Any CPU.ActiveCfg = Debug|Any CPU
		{582D9755-5A74-8164-95EA-82EAEFF2B406}.Debug|Any CPU.Build.0 = Debug|Any CPU
		{582D9755-5A74-8164-95EA-82EAEFF2B406}.Release|Any CPU.ActiveCfg = Release|Any CPU
		{582D9755-5A74-8164-95EA-82EAEFF2B406}.Release|Any CPU.Build.0 = Release|Any CPU
		{4E030114-AB48-986B-6CDE-D43D60FF17C2}.Debug|Any CPU.ActiveCfg = Debug|Any CPU
		{4E030114-AB48-986B-6CDE-D43D60FF17C2}.Debug|Any CPU.Build.0 = Debug|Any CPU
		{4E030114-AB48-986B-6CDE-D43D60FF17C2}.Release|Any CPU.ActiveCfg = Release|Any CPU
		{4E030114-AB48-986B-6CDE-D43D60FF17C2}.Release|Any CPU.Build.0 = Release|Any CPU
		{B90DA1A9-5F82-E977-2EF6-E916A44E4A3A}.Debug|Any CPU.ActiveCfg = Debug|Any CPU
		{B90DA1A9-5F82-E977-2EF6-E916A44E4A3A}.Debug|Any CPU.Build.0 = Debug|Any CPU
		{B90DA1A9-5F82-E977-2EF6-E916A44E4A3A}.Release|Any CPU.ActiveCfg = Release|Any CPU
		{B90DA1A9-5F82-E977-2EF6-E916A44E4A3A}.Release|Any CPU.Build.0 = Release|Any CPU
		{4DCC3C04-AAAF-2BB4-1B20-1F753AD82462}.Debug|Any CPU.ActiveCfg = Debug|Any CPU
		{4DCC3C04-AAAF-2BB4-1B20-1F753AD82462}.Debug|Any CPU.Build.0 = Debug|Any CPU
		{4DCC3C04-AAAF-2BB4-1B20-1F753AD82462}.Release|Any CPU.ActiveCfg = Release|Any CPU
		{4DCC3C04-AAAF-2BB4-1B20-1F753AD82462}.Release|Any CPU.Build.0 = Release|Any CPU
		{32836D6F-73A1-EB82-2C60-32752DDA973D}.Debug|Any CPU.ActiveCfg = Debug|Any CPU
		{32836D6F-73A1-EB82-2C60-32752DDA973D}.Debug|Any CPU.Build.0 = Debug|Any CPU
		{32836D6F-73A1-EB82-2C60-32752DDA973D}.Release|Any CPU.ActiveCfg = Release|Any CPU
		{32836D6F-73A1-EB82-2C60-32752DDA973D}.Release|Any CPU.Build.0 = Release|Any CPU
		{DF734337-FBC7-DB52-9C05-3E32F3BFEAE8}.Debug|Any CPU.ActiveCfg = Debug|Any CPU
		{DF734337-FBC7-DB52-9C05-3E32F3BFEAE8}.Debug|Any CPU.Build.0 = Debug|Any CPU
		{DF734337-FBC7-DB52-9C05-3E32F3BFEAE8}.Release|Any CPU.ActiveCfg = Release|Any CPU
		{DF734337-FBC7-DB52-9C05-3E32F3BFEAE8}.Release|Any CPU.Build.0 = Release|Any CPU
		{D3DC34B5-BC23-C058-C65B-BF566B27072F}.Debug|Any CPU.ActiveCfg = Debug|Any CPU
		{D3DC34B5-BC23-C058-C65B-BF566B27072F}.Debug|Any CPU.Build.0 = Debug|Any CPU
		{D3DC34B5-BC23-C058-C65B-BF566B27072F}.Release|Any CPU.ActiveCfg = Release|Any CPU
		{D3DC34B5-BC23-C058-C65B-BF566B27072F}.Release|Any CPU.Build.0 = Release|Any CPU
		{2436B78D-C54D-E4F2-000D-2A4F254D616E}.Debug|Any CPU.ActiveCfg = Debug|Any CPU
		{2436B78D-C54D-E4F2-000D-2A4F254D616E}.Debug|Any CPU.Build.0 = Debug|Any CPU
		{2436B78D-C54D-E4F2-000D-2A4F254D616E}.Release|Any CPU.ActiveCfg = Release|Any CPU
		{2436B78D-C54D-E4F2-000D-2A4F254D616E}.Release|Any CPU.Build.0 = Release|Any CPU
		{891ABB66-7B07-777C-BB62-527440CE2B3C}.Debug|Any CPU.ActiveCfg = Debug|Any CPU
		{891ABB66-7B07-777C-BB62-527440CE2B3C}.Debug|Any CPU.Build.0 = Debug|Any CPU
		{891ABB66-7B07-777C-BB62-527440CE2B3C}.Release|Any CPU.ActiveCfg = Release|Any CPU
		{891ABB66-7B07-777C-BB62-527440CE2B3C}.Release|Any CPU.Build.0 = Release|Any CPU
		{62CE6115-783A-4F5C-C231-5F29E241927F}.Debug|Any CPU.ActiveCfg = Debug|Any CPU
		{62CE6115-783A-4F5C-C231-5F29E241927F}.Debug|Any CPU.Build.0 = Debug|Any CPU
		{62CE6115-783A-4F5C-C231-5F29E241927F}.Release|Any CPU.ActiveCfg = Release|Any CPU
		{62CE6115-783A-4F5C-C231-5F29E241927F}.Release|Any CPU.Build.0 = Release|Any CPU
		{B081CE4E-EB9B-DF40-AAD9-00850577917C}.Debug|Any CPU.ActiveCfg = Debug|Any CPU
		{B081CE4E-EB9B-DF40-AAD9-00850577917C}.Debug|Any CPU.Build.0 = Debug|Any CPU
		{B081CE4E-EB9B-DF40-AAD9-00850577917C}.Release|Any CPU.ActiveCfg = Release|Any CPU
		{B081CE4E-EB9B-DF40-AAD9-00850577917C}.Release|Any CPU.Build.0 = Release|Any CPU
		{CAB22A2A-E0DF-1BFE-E6CD-8E42F083D4A8}.Debug|Any CPU.ActiveCfg = Debug|Any CPU
		{CAB22A2A-E0DF-1BFE-E6CD-8E42F083D4A8}.Debug|Any CPU.Build.0 = Debug|Any CPU
		{CAB22A2A-E0DF-1BFE-E6CD-8E42F083D4A8}.Release|Any CPU.ActiveCfg = Release|Any CPU
		{CAB22A2A-E0DF-1BFE-E6CD-8E42F083D4A8}.Release|Any CPU.Build.0 = Release|Any CPU
		{2B30AC2E-95B9-7733-5CD8-7610EA673F25}.Debug|Any CPU.ActiveCfg = Debug|Any CPU
		{2B30AC2E-95B9-7733-5CD8-7610EA673F25}.Debug|Any CPU.Build.0 = Debug|Any CPU
		{2B30AC2E-95B9-7733-5CD8-7610EA673F25}.Release|Any CPU.ActiveCfg = Release|Any CPU
		{2B30AC2E-95B9-7733-5CD8-7610EA673F25}.Release|Any CPU.Build.0 = Release|Any CPU
		{554FC746-66ED-70DE-B8B6-CBB656CE5F7F}.Debug|Any CPU.ActiveCfg = Debug|Any CPU
		{554FC746-66ED-70DE-B8B6-CBB656CE5F7F}.Debug|Any CPU.Build.0 = Debug|Any CPU
		{554FC746-66ED-70DE-B8B6-CBB656CE5F7F}.Release|Any CPU.ActiveCfg = Release|Any CPU
		{554FC746-66ED-70DE-B8B6-CBB656CE5F7F}.Release|Any CPU.Build.0 = Release|Any CPU
		{C91275B6-375A-3F75-229C-DBEA6344942C}.Debug|Any CPU.ActiveCfg = Debug|Any CPU
		{C91275B6-375A-3F75-229C-DBEA6344942C}.Debug|Any CPU.Build.0 = Debug|Any CPU
		{C91275B6-375A-3F75-229C-DBEA6344942C}.Release|Any CPU.ActiveCfg = Release|Any CPU
		{C91275B6-375A-3F75-229C-DBEA6344942C}.Release|Any CPU.Build.0 = Release|Any CPU
		{8A29222F-387F-FDAF-3FEB-B32976674691}.Debug|Any CPU.ActiveCfg = Debug|Any CPU
		{8A29222F-387F-FDAF-3FEB-B32976674691}.Debug|Any CPU.Build.0 = Debug|Any CPU
		{8A29222F-387F-FDAF-3FEB-B32976674691}.Release|Any CPU.ActiveCfg = Release|Any CPU
		{8A29222F-387F-FDAF-3FEB-B32976674691}.Release|Any CPU.Build.0 = Release|Any CPU
		{BE2BF7F3-8C4C-4AEB-31BC-92DD5F5A7E58}.Debug|Any CPU.ActiveCfg = Debug|Any CPU
		{BE2BF7F3-8C4C-4AEB-31BC-92DD5F5A7E58}.Debug|Any CPU.Build.0 = Debug|Any CPU
		{BE2BF7F3-8C4C-4AEB-31BC-92DD5F5A7E58}.Release|Any CPU.ActiveCfg = Release|Any CPU
		{BE2BF7F3-8C4C-4AEB-31BC-92DD5F5A7E58}.Release|Any CPU.Build.0 = Release|Any CPU
		{EC4BC21E-2C12-A873-AFAD-84421A8C3CCC}.Debug|Any CPU.ActiveCfg = Debug|Any CPU
		{EC4BC21E-2C12-A873-AFAD-84421A8C3CCC}.Debug|Any CPU.Build.0 = Debug|Any CPU
		{EC4BC21E-2C12-A873-AFAD-84421A8C3CCC}.Release|Any CPU.ActiveCfg = Release|Any CPU
		{EC4BC21E-2C12-A873-AFAD-84421A8C3CCC}.Release|Any CPU.Build.0 = Release|Any CPU
		{B0CD704C-8C78-8968-3A1C-96AEE6CC4414}.Debug|Any CPU.ActiveCfg = Debug|Any CPU
		{B0CD704C-8C78-8968-3A1C-96AEE6CC4414}.Debug|Any CPU.Build.0 = Debug|Any CPU
		{B0CD704C-8C78-8968-3A1C-96AEE6CC4414}.Release|Any CPU.ActiveCfg = Release|Any CPU
		{B0CD704C-8C78-8968-3A1C-96AEE6CC4414}.Release|Any CPU.Build.0 = Release|Any CPU
		{6DC6E12E-3DA0-2DCD-BD7A-36832B3BE7EF}.Debug|Any CPU.ActiveCfg = Debug|Any CPU
		{6DC6E12E-3DA0-2DCD-BD7A-36832B3BE7EF}.Debug|Any CPU.Build.0 = Debug|Any CPU
		{6DC6E12E-3DA0-2DCD-BD7A-36832B3BE7EF}.Release|Any CPU.ActiveCfg = Release|Any CPU
		{6DC6E12E-3DA0-2DCD-BD7A-36832B3BE7EF}.Release|Any CPU.Build.0 = Release|Any CPU
		{792E3686-533D-9EDD-033B-35E23417FF67}.Debug|Any CPU.ActiveCfg = Debug|Any CPU
		{792E3686-533D-9EDD-033B-35E23417FF67}.Debug|Any CPU.Build.0 = Debug|Any CPU
		{792E3686-533D-9EDD-033B-35E23417FF67}.Release|Any CPU.ActiveCfg = Release|Any CPU
		{792E3686-533D-9EDD-033B-35E23417FF67}.Release|Any CPU.Build.0 = Release|Any CPU
		{9F654594-29BC-E5FA-42DD-0DACDB55AE6A}.Debug|Any CPU.ActiveCfg = Debug|Any CPU
		{9F654594-29BC-E5FA-42DD-0DACDB55AE6A}.Debug|Any CPU.Build.0 = Debug|Any CPU
		{9F654594-29BC-E5FA-42DD-0DACDB55AE6A}.Release|Any CPU.ActiveCfg = Release|Any CPU
		{9F654594-29BC-E5FA-42DD-0DACDB55AE6A}.Release|Any CPU.Build.0 = Release|Any CPU
		{19795815-BEF3-74E3-9429-F483CA1DF8C6}.Debug|Any CPU.ActiveCfg = Debug|Any CPU
		{19795815-BEF3-74E3-9429-F483CA1DF8C6}.Debug|Any CPU.Build.0 = Debug|Any CPU
		{19795815-BEF3-74E3-9429-F483CA1DF8C6}.Release|Any CPU.ActiveCfg = Release|Any CPU
		{19795815-BEF3-74E3-9429-F483CA1DF8C6}.Release|Any CPU.Build.0 = Release|Any CPU
		{9B7CF001-4E00-B56A-289F-5C3E7E290389}.Debug|Any CPU.ActiveCfg = Debug|Any CPU
		{9B7CF001-4E00-B56A-289F-5C3E7E290389}.Debug|Any CPU.Build.0 = Debug|Any CPU
		{9B7CF001-4E00-B56A-289F-5C3E7E290389}.Release|Any CPU.ActiveCfg = Release|Any CPU
		{9B7CF001-4E00-B56A-289F-5C3E7E290389}.Release|Any CPU.Build.0 = Release|Any CPU
		{31763CD5-D2CD-E504-E603-62030BCC4FA6}.Debug|Any CPU.ActiveCfg = Debug|Any CPU
		{31763CD5-D2CD-E504-E603-62030BCC4FA6}.Debug|Any CPU.Build.0 = Debug|Any CPU
		{31763CD5-D2CD-E504-E603-62030BCC4FA6}.Release|Any CPU.ActiveCfg = Release|Any CPU
		{31763CD5-D2CD-E504-E603-62030BCC4FA6}.Release|Any CPU.Build.0 = Release|Any CPU
		{ABC6E603-EDEE-D8EB-4C10-9B2D8D40CC0F}.Debug|Any CPU.ActiveCfg = Debug|Any CPU
		{ABC6E603-EDEE-D8EB-4C10-9B2D8D40CC0F}.Debug|Any CPU.Build.0 = Debug|Any CPU
		{ABC6E603-EDEE-D8EB-4C10-9B2D8D40CC0F}.Release|Any CPU.ActiveCfg = Release|Any CPU
		{ABC6E603-EDEE-D8EB-4C10-9B2D8D40CC0F}.Release|Any CPU.Build.0 = Release|Any CPU
		{8D7D1206-F358-0601-B083-F6BC0E4390ED}.Debug|Any CPU.ActiveCfg = Debug|Any CPU
		{8D7D1206-F358-0601-B083-F6BC0E4390ED}.Debug|Any CPU.Build.0 = Debug|Any CPU
		{8D7D1206-F358-0601-B083-F6BC0E4390ED}.Release|Any CPU.ActiveCfg = Release|Any CPU
		{8D7D1206-F358-0601-B083-F6BC0E4390ED}.Release|Any CPU.Build.0 = Release|Any CPU
		{1A8022A3-7E60-653B-36E3-27EA70A00710}.Debug|Any CPU.ActiveCfg = Debug|Any CPU
		{1A8022A3-7E60-653B-36E3-27EA70A00710}.Debug|Any CPU.Build.0 = Debug|Any CPU
		{1A8022A3-7E60-653B-36E3-27EA70A00710}.Release|Any CPU.ActiveCfg = Release|Any CPU
		{1A8022A3-7E60-653B-36E3-27EA70A00710}.Release|Any CPU.Build.0 = Release|Any CPU
		{4A20E125-567D-C8FE-C7C8-EF48CFCCDF62}.Debug|Any CPU.ActiveCfg = Debug|Any CPU
		{4A20E125-567D-C8FE-C7C8-EF48CFCCDF62}.Debug|Any CPU.Build.0 = Debug|Any CPU
		{4A20E125-567D-C8FE-C7C8-EF48CFCCDF62}.Release|Any CPU.ActiveCfg = Release|Any CPU
		{4A20E125-567D-C8FE-C7C8-EF48CFCCDF62}.Release|Any CPU.Build.0 = Release|Any CPU
		{58C185FD-3D4C-DFF4-16F8-E0149C791BB7}.Debug|Any CPU.ActiveCfg = Debug|Any CPU
		{58C185FD-3D4C-DFF4-16F8-E0149C791BB7}.Debug|Any CPU.Build.0 = Debug|Any CPU
		{58C185FD-3D4C-DFF4-16F8-E0149C791BB7}.Release|Any CPU.ActiveCfg = Release|Any CPU
		{58C185FD-3D4C-DFF4-16F8-E0149C791BB7}.Release|Any CPU.Build.0 = Release|Any CPU
	EndGlobalSection
	GlobalSection(SolutionProperties) = preSolution
		HideSolutionNode = FALSE
	EndGlobalSection
EndGlobal
